
Microsoft Visual Studio Solution File, Format Version 12.00
# Visual Studio Version 17
VisualStudioVersion = 17.7.34018.315
MinimumVisualStudioVersion = 10.0.40219.1
Project("{FAE04EC0-301F-11D3-BF4B-00C04F79EFBC}") = "UserInterface", "UserInterface\UserInterface.csproj", "{95D1F739-F0AF-42F3-9E81-CB74BC1868B2}"
EndProject
Project("{FAE04EC0-301F-11D3-BF4B-00C04F79EFBC}") = "Data", "Data\Data.csproj", "{468337BC-0953-433C-82D3-D1C14317E78B}"
EndProject
Project("{FAE04EC0-301F-11D3-BF4B-00C04F79EFBC}") = "GameLogic", "GameLogic\GameLogic.csproj", "{CDE2E515-81D2-4166-B79A-33E3C55AFE79}"
EndProject
Global
	GlobalSection(SolutionConfigurationPlatforms) = preSolution
		Debug|Any CPU = Debug|Any CPU
		Release|Any CPU = Release|Any CPU
	EndGlobalSection
	GlobalSection(ProjectConfigurationPlatforms) = postSolution
		{95D1F739-F0AF-42F3-9E81-CB74BC1868B2}.Debug|Any CPU.ActiveCfg = Debug|Any CPU
		{95D1F739-F0AF-42F3-9E81-CB74BC1868B2}.Debug|Any CPU.Build.0 = Debug|Any CPU
		{95D1F739-F0AF-42F3-9E81-CB74BC1868B2}.Release|Any CPU.ActiveCfg = Release|Any CPU
		{95D1F739-F0AF-42F3-9E81-CB74BC1868B2}.Release|Any CPU.Build.0 = Release|Any CPU
		{468337BC-0953-433C-82D3-D1C14317E78B}.Debug|Any CPU.ActiveCfg = Debug|Any CPU
		{468337BC-0953-433C-82D3-D1C14317E78B}.Debug|Any CPU.Build.0 = Debug|Any CPU
		{468337BC-0953-433C-82D3-D1C14317E78B}.Release|Any CPU.ActiveCfg = Release|Any CPU
		{468337BC-0953-433C-82D3-D1C14317E78B}.Release|Any CPU.Build.0 = Release|Any CPU
		{CDE2E515-81D2-4166-B79A-33E3C55AFE79}.Debug|Any CPU.ActiveCfg = Debug|Any CPU
		{CDE2E515-81D2-4166-B79A-33E3C55AFE79}.Debug|Any CPU.Build.0 = Debug|Any CPU
		{CDE2E515-81D2-4166-B79A-33E3C55AFE79}.Release|Any CPU.ActiveCfg = Release|Any CPU
		{CDE2E515-81D2-4166-B79A-33E3C55AFE79}.Release|Any CPU.Build.0 = Release|Any CPU
	EndGlobalSection
	GlobalSection(SolutionProperties) = preSolution
		HideSolutionNode = FALSE
	EndGlobalSection
	GlobalSection(ExtensibilityGlobals) = postSolution
		SolutionGuid = {06E0DE46-9CE6-439E-A4D5-BED29D7A4F48}
	EndGlobalSection
EndGlobal
